
Microsoft Visual Studio Solution File, Format Version 12.00
# Visual Studio 15
Project("{FAE04EC0-301F-11D3-BF4B-00C04F79EFBC}") = "rctrdx", "rctrdx.csproj", "{9E5A39FA-0C3B-44F6-8546-DB127EBE092D}"
EndProject
Global
	GlobalSection(SolutionConfigurationPlatforms) = preSolution
		Debug|Any CPU = Debug|Any CPU
		Release|Any CPU = Release|Any CPU
	EndGlobalSection
	GlobalSection(ProjectConfigurationPlatforms) = postSolution
		{9E5A39FA-0C3B-44F6-8546-DB127EBE092D}.Debug|Any CPU.ActiveCfg = Debug|Any CPU
		{9E5A39FA-0C3B-44F6-8546-DB127EBE092D}.Debug|Any CPU.Build.0 = Debug|Any CPU
		{9E5A39FA-0C3B-44F6-8546-DB127EBE092D}.Release|Any CPU.ActiveCfg = Release|Any CPU
		{9E5A39FA-0C3B-44F6-8546-DB127EBE092D}.Release|Any CPU.Build.0 = Release|Any CPU
	EndGlobalSection
EndGlobal
